# This file is autogenerated, do not edit; changes may be undone by the next 'dep ensure'.


[[projects]]
  digest = "1:1617d6cd37e956e0eed8ea9f7b9f3a6d16dbeacc5763a4dece73437ace089570"
  name = "github.com/crufter/airtable-go"
  packages = [
    ".",
    "utils",
  ]
  pruneopts = "UT"
  revision = "c897a4d2452e598b60e690cbfa989beef91183aa"

[[projects]]
  branch = "master"
  digest = "1:4cbf38d5b93ec2a6005553d507f7b13e5328edea1a25c1d12f0de65cd723475a"
  name = "github.com/davidsteinsland/ynab-go"
  packages = ["ynab"]
  pruneopts = "UT"
  revision = "abfe6d465a99bed5ad4063d3300a8061be05254d"

[[projects]]
  digest = "1:2cd7915ab26ede7d95b8749e6b1f933f1c6d5398030684e6505940a10f31cfda"
  name = "github.com/ghodss/yaml"
  packages = ["."]
  pruneopts = "UT"
  revision = "0ca9ea5df5451ffdf184b4428c902747c2c11cd7"
  version = "v1.0.0"

[[projects]]
  digest = "1:718c57979a9197414a044fff2028e57cb9fe145069e4f507059755bfe87f1bfe"
  name = "github.com/influxdata/influxdb"
  packages = [
    "client/v2",
    "models",
    "pkg/escape",
  ]
  pruneopts = "UT"
  revision = "76f907b0fada2f16931e37471da695349fcdf8c6"
  version = "v1.7.2"

[[projects]]
  branch = "master"
  digest = "1:ac6b73796941a7ab33ec69fc32f9886a6e7506998f822e3d5205377aee77284a"
  name = "github.com/influxdata/platform"
  packages = [
    "models",
    "pkg/escape",
  ]
  pruneopts = "UT"
  revision = "e2169abb1f83513b4a9a190cfca3889eb07c51de"

[[projects]]
  digest = "1:8ef506fc2bb9ced9b151dafa592d4046063d744c646c1bbe801982ce87e4bc24"
  name = "github.com/lib/pq"
  packages = [
    ".",
    "oid",
  ]
  pruneopts = "UT"
  revision = "4ded0e9383f75c197b3a2aaa6d590ac52df6fd79"
  version = "v1.0.0"

[[projects]]
  digest = "1:ed615c5430ecabbb0fb7629a182da65ecee6523900ac1ac932520860878ffcad"
  name = "github.com/robfig/cron"
  packages = ["."]
  pruneopts = "UT"
  revision = "b41be1df696709bb6395fe435af20370037c0b4c"
  version = "v1.1"

[[projects]]
  digest = "1:4d2e5a73dc1500038e504a8d78b986630e3626dc027bc030ba5c75da257cdb96"
  name = "gopkg.in/yaml.v2"
  packages = ["."]
  pruneopts = "UT"
  revision = "51d6538a90f86fe93ac480b35f37b2be17fef232"
  version = "v2.2.2"

[solve-meta]
  analyzer-name = "dep"
  analyzer-version = 1
  input-imports = [
    "github.com/crufter/airtable-go",
    "github.com/davidsteinsland/ynab-go/ynab",
    "github.com/ghodss/yaml",
    "github.com/influxdata/influxdb/client/v2",
    "github.com/lib/pq",
    "github.com/robfig/cron",
  ]
  solver-name = "gps-cdcl"
  solver-version = 1
